
Microsoft Visual Studio Solution File, Format Version 12.00
# Visual Studio Version 17
VisualStudioVersion = 17.0.31903.59
MinimumVisualStudioVersion = 10.0.40219.1
Project("{FAE04EC0-301F-11D3-BF4B-00C04F79EFBC}") = "InventoryManagement", "InventoryManagement\InventoryManagement.csproj", "{93DEE673-F4E0-4B77-B7E7-7E5ED80F4559}"
EndProject
Project("{FAE04EC0-301F-11D3-BF4B-00C04F79EFBC}") = "InventoryManagement.Entities", "InventoryManagement.Entities\InventoryManagement.Entities.csproj", "{E8AF1B2F-A940-4B0F-B70C-AEE0F49FF67C}"
EndProject
Project("{FAE04EC0-301F-11D3-BF4B-00C04F79EFBC}") = "InventoryManagement.Repository", "InventoryManagement.Repository\InventoryManagement.Repository.csproj", "{0C968F51-641D-4461-BBC3-1F15119D8B58}"
EndProject
Global
	GlobalSection(SolutionConfigurationPlatforms) = preSolution
		Debug|Any CPU = Debug|Any CPU
		Release|Any CPU = Release|Any CPU
	EndGlobalSection
	GlobalSection(ProjectConfigurationPlatforms) = postSolution
		{93DEE673-F4E0-4B77-B7E7-7E5ED80F4559}.Debug|Any CPU.ActiveCfg = Debug|Any CPU
		{93DEE673-F4E0-4B77-B7E7-7E5ED80F4559}.Debug|Any CPU.Build.0 = Debug|Any CPU
		{93DEE673-F4E0-4B77-B7E7-7E5ED80F4559}.Release|Any CPU.ActiveCfg = Release|Any CPU
		{93DEE673-F4E0-4B77-B7E7-7E5ED80F4559}.Release|Any CPU.Build.0 = Release|Any CPU
		{E8AF1B2F-A940-4B0F-B70C-AEE0F49FF67C}.Debug|Any CPU.ActiveCfg = Debug|Any CPU
		{E8AF1B2F-A940-4B0F-B70C-AEE0F49FF67C}.Debug|Any CPU.Build.0 = Debug|Any CPU
		{E8AF1B2F-A940-4B0F-B70C-AEE0F49FF67C}.Release|Any CPU.ActiveCfg = Release|Any CPU
		{E8AF1B2F-A940-4B0F-B70C-AEE0F49FF67C}.Release|Any CPU.Build.0 = Release|Any CPU
		{0C968F51-641D-4461-BBC3-1F15119D8B58}.Debug|Any CPU.ActiveCfg = Debug|Any CPU
		{0C968F51-641D-4461-BBC3-1F15119D8B58}.Debug|Any CPU.Build.0 = Debug|Any CPU
		{0C968F51-641D-4461-BBC3-1F15119D8B58}.Release|Any CPU.ActiveCfg = Release|Any CPU
		{0C968F51-641D-4461-BBC3-1F15119D8B58}.Release|Any CPU.Build.0 = Release|Any CPU
	EndGlobalSection
	GlobalSection(SolutionProperties) = preSolution
		HideSolutionNode = FALSE
	EndGlobalSection
	GlobalSection(ExtensibilityGlobals) = postSolution
		SolutionGuid = {B91D89E6-715E-45F8-99AD-35AFE8EBBA93}
	EndGlobalSection
EndGlobal
